
Microsoft Visual Studio Solution File, Format Version 12.00
# Visual Studio 15
VisualStudioVersion = 15.0.28010.2026
MinimumVisualStudioVersion = 10.0.40219.1
Project("{FAE04EC0-301F-11D3-BF4B-00C04F79EFBC}") = "RobotControlDemo", "RobotControlDemo\RobotControlDemo.csproj", "{575CA021-C5EB-4A94-994F-ED3CB1746498}"
EndProject
Global
	GlobalSection(SolutionConfigurationPlatforms) = preSolution
		Debug|Any CPU = Debug|Any CPU
		Release|Any CPU = Release|Any CPU
	EndGlobalSection
	GlobalSection(ProjectConfigurationPlatforms) = postSolution
		{575CA021-C5EB-4A94-994F-ED3CB1746498}.Debug|Any CPU.ActiveCfg = Debug|Any CPU
		{575CA021-C5EB-4A94-994F-ED3CB1746498}.Debug|Any CPU.Build.0 = Debug|Any CPU
		{575CA021-C5EB-4A94-994F-ED3CB1746498}.Release|Any CPU.ActiveCfg = Release|Any CPU
		{575CA021-C5EB-4A94-994F-ED3CB1746498}.Release|Any CPU.Build.0 = Release|Any CPU
	EndGlobalSection
	GlobalSection(SolutionProperties) = preSolution
		HideSolutionNode = FALSE
	EndGlobalSection
	GlobalSection(ExtensibilityGlobals) = postSolution
		SolutionGuid = {4D0A9ED0-5A7E-40BB-83E0-36B08D966556}
	EndGlobalSection
EndGlobal
